
Microsoft Visual Studio Solution File, Format Version 12.00
# Visual Studio Version 16
VisualStudioVersion = 16.0.30114.105
MinimumVisualStudioVersion = 10.0.40219.1
Project("{FAE04EC0-301F-11D3-BF4B-00C04F79EFBC}") = "FillDataGrid", "FillDataGrid\FillDataGrid.csproj", "{F8BFDAAF-4812-48D2-9386-9F48CADEE8BA}"
EndProject
Global
	GlobalSection(SolutionConfigurationPlatforms) = preSolution
		Debug|Any CPU = Debug|Any CPU
		Release|Any CPU = Release|Any CPU
	EndGlobalSection
	GlobalSection(ProjectConfigurationPlatforms) = postSolution
		{F8BFDAAF-4812-48D2-9386-9F48CADEE8BA}.Debug|Any CPU.ActiveCfg = Debug|Any CPU
		{F8BFDAAF-4812-48D2-9386-9F48CADEE8BA}.Debug|Any CPU.Build.0 = Debug|Any CPU
		{F8BFDAAF-4812-48D2-9386-9F48CADEE8BA}.Release|Any CPU.ActiveCfg = Release|Any CPU
		{F8BFDAAF-4812-48D2-9386-9F48CADEE8BA}.Release|Any CPU.Build.0 = Release|Any CPU
	EndGlobalSection
	GlobalSection(SolutionProperties) = preSolution
		HideSolutionNode = FALSE
	EndGlobalSection
	GlobalSection(ExtensibilityGlobals) = postSolution
		SolutionGuid = {0D1B3B39-F475-4F8B-B902-B7616D43CEEE}
	EndGlobalSection
EndGlobal
